
Microsoft Visual Studio Solution File, Format Version 10.00
# Visual Studio 2008
Project("{FAE04EC0-301F-11D3-BF4B-00C04F79EFBC}") = "NoteFly", "NoteFly.csproj", "{2E47E4D6-04CC-4578-8380-95AA497D3341}"
EndProject
Global
	GlobalSection(SolutionConfigurationPlatforms) = preSolution
		Debug|Any CPU = Debug|Any CPU
		Release|Any CPU = Release|Any CPU
	EndGlobalSection
	GlobalSection(ProjectConfigurationPlatforms) = postSolution
		{2E47E4D6-04CC-4578-8380-95AA497D3341}.Debug|Any CPU.ActiveCfg = Debug win32|Any CPU
		{2E47E4D6-04CC-4578-8380-95AA497D3341}.Debug|Any CPU.Build.0 = Debug win32|Any CPU
		{2E47E4D6-04CC-4578-8380-95AA497D3341}.Release|Any CPU.ActiveCfg = Release win32|Any CPU
		{2E47E4D6-04CC-4578-8380-95AA497D3341}.Release|Any CPU.Build.0 = Release win32|Any CPU
	EndGlobalSection
	GlobalSection(SolutionProperties) = preSolution
		HideSolutionNode = FALSE
	EndGlobalSection
EndGlobal
